lockfileVersion: '9.0'

settings:
  autoInstallPeers: true
  excludeLinksFromLockfile: false

importers:

  .:
    dependencies:
      '@pnpm/exe':
        specifier: ^11.1.3
        version: 11.1.3

  repro_clean:
    dependencies:
      '@pnpm/exe':
        specifier: ^11.1.3
        version: 11.1.3

packages:

  '@pnpm/exe@11.1.3':
    resolution: {integrity: sha512-J6bSMpZlHVUKuMKtPT/+lrFPpvBiOIgk6HnNC3vmoM/fsMgFhao6ITFwdsUMzdCl2qHf9cnVYA4ZBdsGmVUnpg==}
    hasBin: true

  '@pnpm/linux-arm64@11.1.3':
    resolution: {integrity: sha512-sz3fc0hSqguk2eGe/InelpBD3LP82MzF+8pLzDpYNGuhasGY+VWkuxEo02HczQYRVXTsbpZVepk+Qs2CONc04Q==}
    cpu: [arm64]
    os: [linux]

  '@pnpm/linux-x64@11.1.3':
    resolution: {integrity: sha512-UadJh5fJZWa47OtdZTWLKWDj4z5WpZFB5pS2wOh/kfKypUmQyjmbOMClP7/yJGS2ZtrSjRgYjIEWAjndkWsMaA==}
    cpu: [x64]
    os: [linux]

  '@pnpm/linuxstatic-arm64@11.1.3':
    resolution: {integrity: sha512-lWmGr96w+VrIRVsEfTXROB3GeQNxrX2Hy32j3USHr6WlqmpH1i7YjavJGpoXeVZbb77fCFjNFAtsJzGXSgy/Og==}
    cpu: [arm64]
    os: [linux]
    libc: [musl]

  '@pnpm/linuxstatic-x64@11.1.3':
    resolution: {integrity: sha512-I74GDBOPbr5TXgob3ct4hv6BQtLGdsjGJrII2qNl/e2xYHXekjIWE4Eh7RGN4C7xu+BZYKtvnOOr149yR7KxUw==}
    cpu: [x64]
    os: [linux]
    libc: [musl]

  '@pnpm/macos-arm64@11.1.3':
    resolution: {integrity: sha512-nWn155BVa54iNyg4iolVhjMtqumXHPh8ul5CFjQFJXdwgr9MRUgc5EUBML1+7mS8C/7Wcex5HUgn/w3fliHCsQ==}
    cpu: [arm64]
    os: [darwin]

  '@pnpm/win-arm64@11.1.3':
    resolution: {integrity: sha512-4u6PQL7/WgwdweC2ZJcdCzhM1koRFG5ofcUSrIVsdyo9ePfGq2D9p1rkZbiLEfIGvl3GKOsfMB5DRTgs8es4AQ==}
    cpu: [arm64]
    os: [win32]

  '@pnpm/win-x64@11.1.3':
    resolution: {integrity: sha512-JmhH7ljJ3MWjvWFz/YHbu/27ISCNLZsQb1JG+ib3uHlfUwIJuF6BudXYsbS5Uu0o7xUvC9sPPm+Uho4Or6R3vA==}
    cpu: [x64]
    os: [win32]

  '@reflink/reflink-darwin-arm64@0.1.19':
    resolution: {integrity: sha512-ruy44Lpepdk1FqDz38vExBY/PVUsjxZA+chd9wozjUH9JjuDT/HEaQYA6wYN9mf041l0yLVar6BCZuWABJvHSA==}
    engines: {node: '>= 10'}
    cpu: [arm64]
    os: [darwin]

  '@reflink/reflink-darwin-x64@0.1.19':
    resolution: {integrity: sha512-By85MSWrMZa+c26TcnAy8SDk0sTUkYlNnwknSchkhHpGXOtjNDUOxJE9oByBnGbeuIE1PiQsxDG3Ud+IVV9yuA==}
    engines: {node: '>= 10'}
    cpu: [x64]
    os: [darwin]

  '@reflink/reflink-linux-arm64-gnu@0.1.19':
    resolution: {integrity: sha512-7P+er8+rP9iNeN+bfmccM4hTAaLP6PQJPKWSA4iSk2bNvo6KU6RyPgYeHxXmzNKzPVRcypZQTpFgstHam6maVg==}
    engines: {node: '>= 10'}
    cpu: [arm64]
    os: [linux]
    libc: [glibc]

  '@reflink/reflink-linux-arm64-musl@0.1.19':
    resolution: {integrity: sha512-37iO/Dp6m5DDaC2sf3zPtx/hl9FV3Xze4xoYidrxxS9bgP3S8ALroxRK6xBG/1TtfXKTvolvp+IjrUU6ujIGmA==}
    engines: {node: '>= 10'}
    cpu: [arm64]
    os: [linux]
    libc: [musl]

  '@reflink/reflink-linux-x64-gnu@0.1.19':
    resolution: {integrity: sha512-jbI8jvuYCaA3MVUdu8vLoLAFqC+iNMpiSuLbxlAgg7x3K5bsS8nOpTRnkLF7vISJ+rVR8W+7ThXlXlUQ93ulkw==}
    engines: {node: '>= 10'}
    cpu: [x64]
    os: [linux]
    libc: [glibc]

  '@reflink/reflink-linux-x64-musl@0.1.19':
    resolution: {integrity: sha512-e9FBWDe+lv7QKAwtKOt6A2W/fyy/aEEfr0g6j/hWzvQcrzHCsz07BNQYlNOjTfeytrtLU7k449H1PI95jA4OjQ==}
    engines: {node: '>= 10'}
    cpu: [x64]
    os: [linux]
    libc: [musl]

  '@reflink/reflink-win32-arm64-msvc@0.1.19':
    resolution: {integrity: sha512-09PxnVIQcd+UOn4WAW73WU6PXL7DwGS6wPlkMhMg2zlHHG65F3vHepOw06HFCq+N42qkaNAc8AKIabWvtk6cIQ==}
    engines: {node: '>= 10'}
    cpu: [arm64]
    os: [win32]

  '@reflink/reflink-win32-x64-msvc@0.1.19':
    resolution: {integrity: sha512-E//yT4ni2SyhwP8JRjVGWr3cbnhWDiPLgnQ66qqaanjjnMiu3O/2tjCPQXlcGc/DEYofpDc9fvhv6tALQsMV9w==}
    engines: {node: '>= 10'}
    cpu: [x64]
    os: [win32]

  '@reflink/reflink@0.1.19':
    resolution: {integrity: sha512-DmCG8GzysnCZ15bres3N5AHCmwBwYgp0As6xjhQ47rAUTUXxJiK+lLUxaGsX3hd/30qUpVElh05PbGuxRPgJwA==}
    engines: {node: '>= 10'}

  detect-libc@2.1.2:
    resolution: {integrity: sha512-Btj2BOOO83o3WyH59e8MgXsxEQVcarkUOpEYrubB0urwnN10yQ364rsiByU11nZlqWYZm05i/of7io4mzihBtQ==}
    engines: {node: '>=8'}

snapshots:

  '@pnpm/exe@11.1.3':
    dependencies:
      '@reflink/reflink': 0.1.19
      detect-libc: 2.1.2
    optionalDependencies:
      '@pnpm/linux-arm64': 11.1.3
      '@pnpm/linux-x64': 11.1.3
      '@pnpm/linuxstatic-arm64': 11.1.3
      '@pnpm/linuxstatic-x64': 11.1.3
      '@pnpm/macos-arm64': 11.1.3
      '@pnpm/win-arm64': 11.1.3
      '@pnpm/win-x64': 11.1.3

  '@pnpm/linux-arm64@11.1.3':
    optional: true

  '@pnpm/linux-x64@11.1.3':
    optional: true

  '@pnpm/linuxstatic-arm64@11.1.3':
    optional: true

  '@pnpm/linuxstatic-x64@11.1.3':
    optional: true

  '@pnpm/macos-arm64@11.1.3':
    optional: true

  '@pnpm/win-arm64@11.1.3':
    optional: true

  '@pnpm/win-x64@11.1.3':
    optional: true

  '@reflink/reflink-darwin-arm64@0.1.19':
    optional: true

  '@reflink/reflink-darwin-x64@0.1.19':
    optional: true

  '@reflink/reflink-linux-arm64-gnu@0.1.19':
    optional: true

  '@reflink/reflink-linux-arm64-musl@0.1.19':
    optional: true

  '@reflink/reflink-linux-x64-gnu@0.1.19':
    optional: true

  '@reflink/reflink-linux-x64-musl@0.1.19':
    optional: true

  '@reflink/reflink-win32-arm64-msvc@0.1.19':
    optional: true

  '@reflink/reflink-win32-x64-msvc@0.1.19':
    optional: true

  '@reflink/reflink@0.1.19':
    optionalDependencies:
      '@reflink/reflink-darwin-arm64': 0.1.19
      '@reflink/reflink-darwin-x64': 0.1.19
      '@reflink/reflink-linux-arm64-gnu': 0.1.19
      '@reflink/reflink-linux-arm64-musl': 0.1.19
      '@reflink/reflink-linux-x64-gnu': 0.1.19
      '@reflink/reflink-linux-x64-musl': 0.1.19
      '@reflink/reflink-win32-arm64-msvc': 0.1.19
      '@reflink/reflink-win32-x64-msvc': 0.1.19

  detect-libc@2.1.2: {}
